
Microsoft Visual Studio Solution File, Format Version 12.00
# Visual Studio 14
VisualStudioVersion = 14.0.25123.0
MinimumVisualStudioVersion = 10.0.40219.1
Project("{FAE04EC0-301F-11D3-BF4B-00C04F79EFBC}") = "RideShare.Droid", "RideShare\RideShare.Droid\RideShare.Droid.csproj", "{59D3E2FE-09C7-414A-9A48-88F224CA2BD7}"
EndProject
Project("{FAE04EC0-301F-11D3-BF4B-00C04F79EFBC}") = "RideShare.iOS", "RideShare\RideShare.iOS\RideShare.iOS.csproj", "{6A8F631C-4936-4C5D-AD42-75F40F29A961}"
EndProject
Project("{FAE04EC0-301F-11D3-BF4B-00C04F79EFBC}") = "RideShare", "RideShare\RideShare\RideShare.csproj", "{D64C1EF5-30E9-42AD-9EA5-13C1DA3CDF00}"
EndProject
Project("{FAE04EC0-301F-11D3-BF4B-00C04F79EFBC}") = "RideShareServiceClient", "RideShareServiceClient\RideShareServiceClient.csproj", "{EC3CBD61-FFF2-46C2-B661-6212C69DFFC3}"
EndProject
Global
	GlobalSection(SolutionConfigurationPlatforms) = preSolution
		Ad-Hoc|Any CPU = Ad-Hoc|Any CPU
		Ad-Hoc|iPhone = Ad-Hoc|iPhone
		Ad-Hoc|iPhoneSimulator = Ad-Hoc|iPhoneSimulator
		AppStore|Any CPU = AppStore|Any CPU
		AppStore|iPhone = AppStore|iPhone
		AppStore|iPhoneSimulator = AppStore|iPhoneSimulator
		Debug|Any CPU = Debug|Any CPU
		Debug|iPhone = Debug|iPhone
		Debug|iPhoneSimulator = Debug|iPhoneSimulator
		Release|Any CPU = Release|Any CPU
		Release|iPhone = Release|iPhone
		Release|iPhoneSimulator = Release|iPhoneSimulator
	EndGlobalSection
	GlobalSection(ProjectConfigurationPlatforms) = postSolution
		{59D3E2FE-09C7-414A-9A48-88F224CA2BD7}.Ad-Hoc|Any CPU.ActiveCfg = Release|Any CPU
		{59D3E2FE-09C7-414A-9A48-88F224CA2BD7}.Ad-Hoc|Any CPU.Build.0 = Release|Any CPU
		{59D3E2FE-09C7-414A-9A48-88F224CA2BD7}.Ad-Hoc|Any CPU.Deploy.0 = Release|Any CPU
		{59D3E2FE-09C7-414A-9A48-88F224CA2BD7}.Ad-Hoc|iPhone.ActiveCfg = Release|Any CPU
		{59D3E2FE-09C7-414A-9A48-88F224CA2BD7}.Ad-Hoc|iPhone.Build.0 = Release|Any CPU
		{59D3E2FE-09C7-414A-9A48-88F224CA2BD7}.Ad-Hoc|iPhone.Deploy.0 = Release|Any CPU
		{59D3E2FE-09C7-414A-9A48-88F224CA2BD7}.Ad-Hoc|iPhoneSimulator.ActiveCfg = Release|Any CPU
		{59D3E2FE-09C7-414A-9A48-88F224CA2BD7}.Ad-Hoc|iPhoneSimulator.Build.0 = Release|Any CPU
		{59D3E2FE-09C7-414A-9A48-88F224CA2BD7}.Ad-Hoc|iPhoneSimulator.Deploy.0 = Release|Any CPU
		{59D3E2FE-09C7-414A-9A48-88F224CA2BD7}.AppStore|Any CPU.ActiveCfg = Release|Any CPU
		{59D3E2FE-09C7-414A-9A48-88F224CA2BD7}.AppStore|Any CPU.Build.0 = Release|Any CPU
		{59D3E2FE-09C7-414A-9A48-88F224CA2BD7}.AppStore|Any CPU.Deploy.0 = Release|Any CPU
		{59D3E2FE-09C7-414A-9A48-88F224CA2BD7}.AppStore|iPhone.ActiveCfg = Release|Any CPU
		{59D3E2FE-09C7-414A-9A48-88F224CA2BD7}.AppStore|iPhone.Build.0 = Release|Any CPU
		{59D3E2FE-09C7-414A-9A48-88F224CA2BD7}.AppStore|iPhone.Deploy.0 = Release|Any CPU
		{59D3E2FE-09C7-414A-9A48-88F224CA2BD7}.AppStore|iPhoneSimulator.ActiveCfg = Release|Any CPU
		{59D3E2FE-09C7-414A-9A48-88F224CA2BD7}.AppStore|iPhoneSimulator.Build.0 = Release|Any CPU
		{59D3E2FE-09C7-414A-9A48-88F224CA2BD7}.AppStore|iPhoneSimulator.Deploy.0 = Release|Any CPU
		{59D3E2FE-09C7-414A-9A48-88F224CA2BD7}.Debug|Any CPU.ActiveCfg = Debug|Any CPU
		{59D3E2FE-09C7-414A-9A48-88F224CA2BD7}.Debug|Any CPU.Build.0 = Debug|Any CPU
		{59D3E2FE-09C7-414A-9A48-88F224CA2BD7}.Debug|Any CPU.Deploy.0 = Debug|Any CPU
		{59D3E2FE-09C7-414A-9A48-88F224CA2BD7}.Debug|iPhone.ActiveCfg = Debug|Any CPU
		{59D3E2FE-09C7-414A-9A48-88F224CA2BD7}.Debug|iPhone.Build.0 = Debug|Any CPU
		{59D3E2FE-09C7-414A-9A48-88F224CA2BD7}.Debug|iPhone.Deploy.0 = Debug|Any CPU
		{59D3E2FE-09C7-414A-9A48-88F224CA2BD7}.Debug|iPhoneSimulator.ActiveCfg = Debug|Any CPU
		{59D3E2FE-09C7-414A-9A48-88F224CA2BD7}.Debug|iPhoneSimulator.Build.0 = Debug|Any CPU
		{59D3E2FE-09C7-414A-9A48-88F224CA2BD7}.Debug|iPhoneSimulator.Deploy.0 = Debug|Any CPU
		{59D3E2FE-09C7-414A-9A48-88F224CA2BD7}.Release|Any CPU.ActiveCfg = Release|Any CPU
		{59D3E2FE-09C7-414A-9A48-88F224CA2BD7}.Release|Any CPU.Build.0 = Release|Any CPU
		{59D3E2FE-09C7-414A-9A48-88F224CA2BD7}.Release|Any CPU.Deploy.0 = Release|Any CPU
		{59D3E2FE-09C7-414A-9A48-88F224CA2BD7}.Release|iPhone.ActiveCfg = Release|Any CPU
		{59D3E2FE-09C7-414A-9A48-88F224CA2BD7}.Release|iPhone.Build.0 = Release|Any CPU
		{59D3E2FE-09C7-414A-9A48-88F224CA2BD7}.Release|iPhone.Deploy.0 = Release|Any CPU
		{59D3E2FE-09C7-414A-9A48-88F224CA2BD7}.Release|iPhoneSimulator.ActiveCfg = Release|Any CPU
		{59D3E2FE-09C7-414A-9A48-88F224CA2BD7}.Release|iPhoneSimulator.Build.0 = Release|Any CPU
		{59D3E2FE-09C7-414A-9A48-88F224CA2BD7}.Release|iPhoneSimulator.Deploy.0 = Release|Any CPU
		{6A8F631C-4936-4C5D-AD42-75F40F29A961}.Ad-Hoc|Any CPU.ActiveCfg = Ad-Hoc|iPhone
		{6A8F631C-4936-4C5D-AD42-75F40F29A961}.Ad-Hoc|iPhone.ActiveCfg = Ad-Hoc|iPhone
		{6A8F631C-4936-4C5D-AD42-75F40F29A961}.Ad-Hoc|iPhone.Build.0 = Ad-Hoc|iPhone
		{6A8F631C-4936-4C5D-AD42-75F40F29A961}.Ad-Hoc|iPhoneSimulator.ActiveCfg = Ad-Hoc|iPhoneSimulator
		{6A8F631C-4936-4C5D-AD42-75F40F29A961}.Ad-Hoc|iPhoneSimulator.Build.0 = Ad-Hoc|iPhoneSimulator
		{6A8F631C-4936-4C5D-AD42-75F40F29A961}.AppStore|Any CPU.ActiveCfg = AppStore|iPhone
		{6A8F631C-4936-4C5D-AD42-75F40F29A961}.AppStore|iPhone.ActiveCfg = AppStore|iPhone
		{6A8F631C-4936-4C5D-AD42-75F40F29A961}.AppStore|iPhone.Build.0 = AppStore|iPhone
		{6A8F631C-4936-4C5D-AD42-75F40F29A961}.AppStore|iPhoneSimulator.ActiveCfg = AppStore|iPhoneSimulator
		{6A8F631C-4936-4C5D-AD42-75F40F29A961}.AppStore|iPhoneSimulator.Build.0 = AppStore|iPhoneSimulator
		{6A8F631C-4936-4C5D-AD42-75F40F29A961}.Debug|Any CPU.ActiveCfg = Debug|iPhone
		{6A8F631C-4936-4C5D-AD42-75F40F29A961}.Debug|iPhone.ActiveCfg = Debug|iPhone
		{6A8F631C-4936-4C5D-AD42-75F40F29A961}.Debug|iPhone.Build.0 = Debug|iPhone
		{6A8F631C-4936-4C5D-AD42-75F40F29A961}.Debug|iPhoneSimulator.ActiveCfg = Debug|iPhoneSimulator
		{6A8F631C-4936-4C5D-AD42-75F40F29A961}.Debug|iPhoneSimulator.Build.0 = Debug|iPhoneSimulator
		{6A8F631C-4936-4C5D-AD42-75F40F29A961}.Release|Any CPU.ActiveCfg = Release|iPhone
		{6A8F631C-4936-4C5D-AD42-75F40F29A961}.Release|iPhone.ActiveCfg = Release|iPhone
		{6A8F631C-4936-4C5D-AD42-75F40F29A961}.Release|iPhone.Build.0 = Release|iPhone
		{6A8F631C-4936-4C5D-AD42-75F40F29A961}.Release|iPhoneSimulator.ActiveCfg = Release|iPhoneSimulator
		{6A8F631C-4936-4C5D-AD42-75F40F29A961}.Release|iPhoneSimulator.Build.0 = Release|iPhoneSimulator
		{D64C1EF5-30E9-42AD-9EA5-13C1DA3CDF00}.Ad-Hoc|Any CPU.ActiveCfg = Release|Any CPU
		{D64C1EF5-30E9-42AD-9EA5-13C1DA3CDF00}.Ad-Hoc|Any CPU.Build.0 = Release|Any CPU
		{D64C1EF5-30E9-42AD-9EA5-13C1DA3CDF00}.Ad-Hoc|iPhone.ActiveCfg = Release|Any CPU
		{D64C1EF5-30E9-42AD-9EA5-13C1DA3CDF00}.Ad-Hoc|iPhone.Build.0 = Release|Any CPU
		{D64C1EF5-30E9-42AD-9EA5-13C1DA3CDF00}.Ad-Hoc|iPhoneSimulator.ActiveCfg = Release|Any CPU
		{D64C1EF5-30E9-42AD-9EA5-13C1DA3CDF00}.Ad-Hoc|iPhoneSimulator.Build.0 = Release|Any CPU
		{D64C1EF5-30E9-42AD-9EA5-13C1DA3CDF00}.AppStore|Any CPU.ActiveCfg = Release|Any CPU
		{D64C1EF5-30E9-42AD-9EA5-13C1DA3CDF00}.AppStore|Any CPU.Build.0 = Release|Any CPU
		{D64C1EF5-30E9-42AD-9EA5-13C1DA3CDF00}.AppStore|iPhone.ActiveCfg = Release|Any CPU
		{D64C1EF5-30E9-42AD-9EA5-13C1DA3CDF00}.AppStore|iPhone.Build.0 = Release|Any CPU
		{D64C1EF5-30E9-42AD-9EA5-13C1DA3CDF00}.AppStore|iPhoneSimulator.ActiveCfg = Release|Any CPU
		{D64C1EF5-30E9-42AD-9EA5-13C1DA3CDF00}.AppStore|iPhoneSimulator.Build.0 = Release|Any CPU
		{D64C1EF5-30E9-42AD-9EA5-13C1DA3CDF00}.Debug|Any CPU.ActiveCfg = Debug|Any CPU
		{D64C1EF5-30E9-42AD-9EA5-13C1DA3CDF00}.Debug|Any CPU.Build.0 = Debug|Any CPU
		{D64C1EF5-30E9-42AD-9EA5-13C1DA3CDF00}.Debug|iPhone.ActiveCfg = Debug|Any CPU
		{D64C1EF5-30E9-42AD-9EA5-13C1DA3CDF00}.Debug|iPhone.Build.0 = Debug|Any CPU
		{D64C1EF5-30E9-42AD-9EA5-13C1DA3CDF00}.Debug|iPhoneSimulator.ActiveCfg = Debug|Any CPU
		{D64C1EF5-30E9-42AD-9EA5-13C1DA3CDF00}.Debug|iPhoneSimulator.Build.0 = Debug|Any CPU
		{D64C1EF5-30E9-42AD-9EA5-13C1DA3CDF00}.Release|Any CPU.ActiveCfg = Release|Any CPU
		{D64C1EF5-30E9-42AD-9EA5-13C1DA3CDF00}.Release|Any CPU.Build.0 = Release|Any CPU
		{D64C1EF5-30E9-42AD-9EA5-13C1DA3CDF00}.Release|iPhone.ActiveCfg = Release|Any CPU
		{D64C1EF5-30E9-42AD-9EA5-13C1DA3CDF00}.Release|iPhone.Build.0 = Release|Any CPU
		{D64C1EF5-30E9-42AD-9EA5-13C1DA3CDF00}.Release|iPhoneSimulator.ActiveCfg = Release|Any CPU
		{D64C1EF5-30E9-42AD-9EA5-13C1DA3CDF00}.Release|iPhoneSimulator.Build.0 = Release|Any CPU
		{EC3CBD61-FFF2-46C2-B661-6212C69DFFC3}.Ad-Hoc|Any CPU.ActiveCfg = Release|Any CPU
		{EC3CBD61-FFF2-46C2-B661-6212C69DFFC3}.Ad-Hoc|Any CPU.Build.0 = Release|Any CPU
		{EC3CBD61-FFF2-46C2-B661-6212C69DFFC3}.Ad-Hoc|iPhone.ActiveCfg = Release|Any CPU
		{EC3CBD61-FFF2-46C2-B661-6212C69DFFC3}.Ad-Hoc|iPhone.Build.0 = Release|Any CPU
		{EC3CBD61-FFF2-46C2-B661-6212C69DFFC3}.Ad-Hoc|iPhoneSimulator.ActiveCfg = Release|Any CPU
		{EC3CBD61-FFF2-46C2-B661-6212C69DFFC3}.Ad-Hoc|iPhoneSimulator.Build.0 = Release|Any CPU
		{EC3CBD61-FFF2-46C2-B661-6212C69DFFC3}.AppStore|Any CPU.ActiveCfg = Release|Any CPU
		{EC3CBD61-FFF2-46C2-B661-6212C69DFFC3}.AppStore|Any CPU.Build.0 = Release|Any CPU
		{EC3CBD61-FFF2-46C2-B661-6212C69DFFC3}.AppStore|iPhone.ActiveCfg = Release|Any CPU
		{EC3CBD61-FFF2-46C2-B661-6212C69DFFC3}.AppStore|iPhone.Build.0 = Release|Any CPU
		{EC3CBD61-FFF2-46C2-B661-6212C69DFFC3}.AppStore|iPhoneSimulator.ActiveCfg = Release|Any CPU
		{EC3CBD61-FFF2-46C2-B661-6212C69DFFC3}.AppStore|iPhoneSimulator.Build.0 = Release|Any CPU
		{EC3CBD61-FFF2-46C2-B661-6212C69DFFC3}.Debug|Any CPU.ActiveCfg = Debug|Any CPU
		{EC3CBD61-FFF2-46C2-B661-6212C69DFFC3}.Debug|Any CPU.Build.0 = Debug|Any CPU
		{EC3CBD61-FFF2-46C2-B661-6212C69DFFC3}.Debug|iPhone.ActiveCfg = Debug|Any CPU
		{EC3CBD61-FFF2-46C2-B661-6212C69DFFC3}.Debug|iPhone.Build.0 = Debug|Any CPU
		{EC3CBD61-FFF2-46C2-B661-6212C69DFFC3}.Debug|iPhoneSimulator.ActiveCfg = Debug|Any CPU
		{EC3CBD61-FFF2-46C2-B661-6212C69DFFC3}.Debug|iPhoneSimulator.Build.0 = Debug|Any CPU
		{EC3CBD61-FFF2-46C2-B661-6212C69DFFC3}.Release|Any CPU.ActiveCfg = Release|Any CPU
		{EC3CBD61-FFF2-46C2-B661-6212C69DFFC3}.Release|Any CPU.Build.0 = Release|Any CPU
		{EC3CBD61-FFF2-46C2-B661-6212C69DFFC3}.Release|iPhone.ActiveCfg = Release|Any CPU
		{EC3CBD61-FFF2-46C2-B661-6212C69DFFC3}.Release|iPhone.Build.0 = Release|Any CPU
		{EC3CBD61-FFF2-46C2-B661-6212C69DFFC3}.Release|iPhoneSimulator.ActiveCfg = Release|Any CPU
		{EC3CBD61-FFF2-46C2-B661-6212C69DFFC3}.Release|iPhoneSimulator.Build.0 = Release|Any CPU
	EndGlobalSection
	GlobalSection(SolutionProperties) = preSolution
		HideSolutionNode = FALSE
	EndGlobalSection
EndGlobal
